
Microsoft Visual Studio Solution File, Format Version 12.00
# Visual Studio 2012
Project("{FAE04EC0-301F-11D3-BF4B-00C04F79EFBC}") = "The_BitArray_Collection", "The_BitArray_Collection.csproj", "{03DD36A3-DCF8-4F41-A9A0-B6A343C39CA5}"
EndProject
Project("{FAE04EC0-301F-11D3-BF4B-00C04F79EFBC}") = "Discrete_Bitwise_Manipulations", "..\Discrete_Bitwise_Manipulations\Discrete_Bitwise_Manipulations.csproj", "{AB98CA0C-DE37-48EE-8EAC-5CA43981B984}"
EndProject
Global
	GlobalSection(SolutionConfigurationPlatforms) = preSolution
		Debug|Any CPU = Debug|Any CPU
		Release|Any CPU = Release|Any CPU
	EndGlobalSection
	GlobalSection(ProjectConfigurationPlatforms) = postSolution
		{03DD36A3-DCF8-4F41-A9A0-B6A343C39CA5}.Debug|Any CPU.ActiveCfg = Debug|Any CPU
		{03DD36A3-DCF8-4F41-A9A0-B6A343C39CA5}.Debug|Any CPU.Build.0 = Debug|Any CPU
		{03DD36A3-DCF8-4F41-A9A0-B6A343C39CA5}.Release|Any CPU.ActiveCfg = Release|Any CPU
		{03DD36A3-DCF8-4F41-A9A0-B6A343C39CA5}.Release|Any CPU.Build.0 = Release|Any CPU
		{AB98CA0C-DE37-48EE-8EAC-5CA43981B984}.Debug|Any CPU.ActiveCfg = Debug|Any CPU
		{AB98CA0C-DE37-48EE-8EAC-5CA43981B984}.Debug|Any CPU.Build.0 = Debug|Any CPU
		{AB98CA0C-DE37-48EE-8EAC-5CA43981B984}.Release|Any CPU.ActiveCfg = Release|Any CPU
		{AB98CA0C-DE37-48EE-8EAC-5CA43981B984}.Release|Any CPU.Build.0 = Release|Any CPU
	EndGlobalSection
	GlobalSection(SolutionProperties) = preSolution
		HideSolutionNode = FALSE
	EndGlobalSection
EndGlobal
